// !$*UTF8*$!
{
	archiveVersion = 1;
	classes = {
	};
	objectVersion = 50;
	objects = {

/* Begin PBXBuildFile section */
		2A02B47E237C162B001E83CA /* AnimationActions.sks in Resources */ = {isa = PBXBuildFile; fileRef = 2A02B47D237C162B001E83CA /* AnimationActions.sks */; };
		2A33F69C23795C81001AB9E0 /* SushiPiece.swift in Sources */ = {isa = PBXBuildFile; fileRef = 2A33F69B23795C81001AB9E0 /* SushiPiece.swift */; };
		2A33F6B72379DBFB001AB9E0 /* Character.swift in Sources */ = {isa = PBXBuildFile; fileRef = 2A33F6B62379DBFB001AB9E0 /* Character.swift */; };
		2A4139912378148E00DC0DE0 /* AppDelegate.swift in Sources */ = {isa = PBXBuildFile; fileRef = 2A4139902378148E00DC0DE0 /* AppDelegate.swift */; };
		2A4139932378148F00DC0DE0 /* GameScene.sks in Resources */ = {isa = PBXBuildFile; fileRef = 2A4139922378148F00DC0DE0 /* GameScene.sks */; };
		2A4139952378148F00DC0DE0 /* Actions.sks in Resources */ = {isa = PBXBuildFile; fileRef = 2A4139942378148F00DC0DE0 /* Actions.sks */; };
		2A4139972378148F00DC0DE0 /* GameScene.swift in Sources */ = {isa = PBXBuildFile; fileRef = 2A4139962378148F00DC0DE0 /* GameScene.swift */; };
		2A4139992378148F00DC0DE0 /* GameViewController.swift in Sources */ = {isa = PBXBuildFile; fileRef = 2A4139982378148F00DC0DE0 /* GameViewController.swift */; };
		2A41399C2378148F00DC0DE0 /* Main.storyboard in Resources */ = {isa = PBXBuildFile; fileRef = 2A41399A2378148F00DC0DE0 /* Main.storyboard */; };
		2A41399E2378149000DC0DE0 /* Assets.xcassets in Resources */ = {isa = PBXBuildFile; fileRef = 2A41399D2378149000DC0DE0 /* Assets.xcassets */; };
		2A4139A12378149000DC0DE0 /* LaunchScreen.storyboard in Resources */ = {isa = PBXBuildFile; fileRef = 2A41399F2378149000DC0DE0 /* LaunchScreen.storyboard */; };
		2A4139AC2378149100DC0DE0 /* SushiNekoTests.swift in Sources */ = {isa = PBXBuildFile; fileRef = 2A4139AB2378149100DC0DE0 /* SushiNekoTests.swift */; };
		2A4139B72378149100DC0DE0 /* SushiNekoUITests.swift in Sources */ = {isa = PBXBuildFile; fileRef = 2A4139B62378149100DC0DE0 /* SushiNekoUITests.swift */; };
		2A4139C5237814BF00DC0DE0 /* assets.atlas in Resources */ = {isa = PBXBuildFile; fileRef = 2A4139C4237814BF00DC0DE0 /* assets.atlas */; };
		2A4139C8237814EF00DC0DE0 /* sfx_swipe.caf in Resources */ = {isa = PBXBuildFile; fileRef = 2A4139C7237814EE00DC0DE0 /* sfx_swipe.caf */; };
		2A4139CA2378194200DC0DE0 /* MSNodeButton.swift in Sources */ = {isa = PBXBuildFile; fileRef = 2A4139C92378194200DC0DE0 /* MSNodeButton.swift */; };
/* End PBXBuildFile section */

/* Begin PBXContainerItemProxy section */
		2A4139A82378149100DC0DE0 /* PBXContainerItemProxy */ = {
			isa = PBXContainerItemProxy;
			containerPortal = 2A4139852378148E00DC0DE0 /* Project object */;
			proxyType = 1;
			remoteGlobalIDString = 2A41398C2378148E00DC0DE0;
			remoteInfo = SushiNeko;
		};
		2A4139B32378149100DC0DE0 /* PBXContainerItemProxy */ = {
			isa = PBXContainerItemProxy;
			containerPortal = 2A4139852378148E00DC0DE0 /* Project object */;
			proxyType = 1;
			remoteGlobalIDString = 2A41398C2378148E00DC0DE0;
			remoteInfo = SushiNeko;
		};
/* End PBXContainerItemProxy section */

/* Begin PBXFileReference section */
		2A02B47D237C162B001E83CA /* AnimationActions.sks */ = {isa = PBXFileReference; lastKnownFileType = file.sks; path = AnimationActions.sks; sourceTree = "<group>"; };
		2A33F69B23795C81001AB9E0 /* SushiPiece.swift */ = {isa = PBXFileReference; lastKnownFileType = sourcecode.swift; path = SushiPiece.swift; sourceTree = "<group>"; };
		2A33F6B62379DBFB001AB9E0 /* Character.swift */ = {isa = PBXFileReference; lastKnownFileType = sourcecode.swift; path = Character.swift; sourceTree = "<group>"; };
		2A41398D2378148E00DC0DE0 /* SushiNeko.app */ = {isa = PBXFileReference; explicitFileType = wrapper.application; includeInIndex = 0; path = SushiNeko.app; sourceTree = BUILT_PRODUCTS_DIR; };
		2A4139902378148E00DC0DE0 /* AppDelegate.swift */ = {isa = PBXFileReference; lastKnownFileType = sourcecode.swift; path = AppDelegate.swift; sourceTree = "<group>"; };
		2A4139922378148F00DC0DE0 /* GameScene.sks */ = {isa = PBXFileReference; lastKnownFileType = file.sks; path = GameScene.sks; sourceTree = "<group>"; };
		2A4139942378148F00DC0DE0 /* Actions.sks */ = {isa = PBXFileReference; lastKnownFileType = file.sks; path = Actions.sks; sourceTree = "<group>"; };
		2A4139962378148F00DC0DE0 /* GameScene.swift */ = {isa = PBXFileReference; lastKnownFileType = sourcecode.swift; path = GameScene.swift; sourceTree = "<group>"; };
		2A4139982378148F00DC0DE0 /* GameViewController.swift */ = {isa = PBXFileReference; lastKnownFileType = sourcecode.swift; path = GameViewController.swift; sourceTree = "<group>"; };
		2A41399B2378148F00DC0DE0 /* Base */ = {isa = PBXFileReference; lastKnownFileType = file.storyboard; name = Base; path = Base.lproj/Main.storyboard; sourceTree = "<group>"; };
		2A41399D2378149000DC0DE0 /* Assets.xcassets */ = {isa = PBXFileReference; lastKnownFileType = folder.assetcatalog; path = Assets.xcassets; sourceTree = "<group>"; };
		2A4139A02378149000DC0DE0 /* Base */ = {isa = PBXFileReference; lastKnownFileType = file.storyboard; name = Base; path = Base.lproj/LaunchScreen.storyboard; sourceTree = "<group>"; };
		2A4139A22378149000DC0DE0 /* Info.plist */ = {isa = PBXFileReference; lastKnownFileType = text.plist.xml; path = Info.plist; sourceTree = "<group>"; };
		2A4139A72378149100DC0DE0 /* SushiNekoTests.xctest */ = {isa = PBXFileReference; explicitFileType = wrapper.cfbundle; includeInIndex = 0; path = SushiNekoTests.xctest; sourceTree = BUILT_PRODUCTS_DIR; };
		2A4139AB2378149100DC0DE0 /* SushiNekoTests.swift */ = {isa = PBXFileReference; lastKnownFileType = sourcecode.swift; path = SushiNekoTests.swift; sourceTree = "<group>"; };
		2A4139AD2378149100DC0DE0 /* Info.plist */ = {isa = PBXFileReference; lastKnownFileType = text.plist.xml; path = Info.plist; sourceTree = "<group>"; };
		2A4139B22378149100DC0DE0 /* SushiNekoUITests.xctest */ = {isa = PBXFileReference; explicitFileType = wrapper.cfbundle; includeInIndex = 0; path = SushiNekoUITests.xctest; sourceTree = BUILT_PRODUCTS_DIR; };
		2A4139B62378149100DC0DE0 /* SushiNekoUITests.swift */ = {isa = PBXFileReference; lastKnownFileType = sourcecode.swift; path = SushiNekoUITests.swift; sourceTree = "<group>"; };
		2A4139B82378149100DC0DE0 /* Info.plist */ = {isa = PBXFileReference; lastKnownFileType = text.plist.xml; path = Info.plist; sourceTree = "<group>"; };
		2A4139C4237814BF00DC0DE0 /* assets.atlas */ = {isa = PBXFileReference; lastKnownFileType = folder.skatlas; path = assets.atlas; sourceTree = "<group>"; };
		2A4139C7237814EE00DC0DE0 /* sfx_swipe.caf */ = {isa = PBXFileReference; lastKnownFileType = file; path = sfx_swipe.caf; sourceTree = "<group>"; };
		2A4139C92378194200DC0DE0 /* MSNodeButton.swift */ = {isa = PBXFileReference; lastKnownFileType = sourcecode.swift; path = MSNodeButton.swift; sourceTree = "<group>"; };
/* End PBXFileReference section */

/* Begin PBXFrameworksBuildPhase section */
		2A41398A2378148E00DC0DE0 /* Frameworks */ = {
			isa = PBXFrameworksBuildPhase;
			buildActionMask = 2147483647;
			files = (
			);
			runOnlyForDeploymentPostprocessing = 0;
		};
		2A4139A42378149100DC0DE0 /* Frameworks */ = {
			isa = PBXFrameworksBuildPhase;
			buildActionMask = 2147483647;
			files = (
			);
			runOnlyForDeploymentPostprocessing = 0;
		};
		2A4139AF2378149100DC0DE0 /* Frameworks */ = {
			isa = PBXFrameworksBuildPhase;
			buildActionMask = 2147483647;
			files = (
			);
			runOnlyForDeploymentPostprocessing = 0;
		};
/* End PBXFrameworksBuildPhase section */

/* Begin PBXGroup section */
		2A4139842378148E00DC0DE0 = {
			isa = PBXGroup;
			children = (
				2A4139C6237814EE00DC0DE0 /* SFX */,
				2A4139C4237814BF00DC0DE0 /* assets.atlas */,
				2A41398F2378148E00DC0DE0 /* SushiNeko */,
				2A4139AA2378149100DC0DE0 /* SushiNekoTests */,
				2A4139B52378149100DC0DE0 /* SushiNekoUITests */,
				2A41398E2378148E00DC0DE0 /* Products */,
			);
			sourceTree = "<group>";
		};
		2A41398E2378148E00DC0DE0 /* Products */ = {
			isa = PBXGroup;
			children = (
				2A41398D2378148E00DC0DE0 /* SushiNeko.app */,
				2A4139A72378149100DC0DE0 /* SushiNekoTests.xctest */,
				2A4139B22378149100DC0DE0 /* SushiNekoUITests.xctest */,
			);
			name = Products;
			sourceTree = "<group>";
		};
		2A41398F2378148E00DC0DE0 /* SushiNeko */ = {
			isa = PBXGroup;
			children = (
				2A02B47D237C162B001E83CA /* AnimationActions.sks */,
				2A4139902378148E00DC0DE0 /* AppDelegate.swift */,
				2A4139922378148F00DC0DE0 /* GameScene.sks */,
				2A33F69B23795C81001AB9E0 /* SushiPiece.swift */,
				2A4139C92378194200DC0DE0 /* MSNodeButton.swift */,
				2A4139942378148F00DC0DE0 /* Actions.sks */,
				2A4139962378148F00DC0DE0 /* GameScene.swift */,
				2A4139982378148F00DC0DE0 /* GameViewController.swift */,
				2A41399A2378148F00DC0DE0 /* Main.storyboard */,
				2A41399D2378149000DC0DE0 /* Assets.xcassets */,
				2A41399F2378149000DC0DE0 /* LaunchScreen.storyboard */,
				2A4139A22378149000DC0DE0 /* Info.plist */,
				2A33F6B62379DBFB001AB9E0 /* Character.swift */,
			);
			path = SushiNeko;
			sourceTree = "<group>";
		};
		2A4139AA2378149100DC0DE0 /* SushiNekoTests */ = {
			isa = PBXGroup;
			children = (
				2A4139AB2378149100DC0DE0 /* SushiNekoTests.swift */,
				2A4139AD2378149100DC0DE0 /* Info.plist */,
			);
			path = SushiNekoTests;
			sourceTree = "<group>";
		};
		2A4139B52378149100DC0DE0 /* SushiNekoUITests */ = {
			isa = PBXGroup;
			children = (
				2A4139B62378149100DC0DE0 /* SushiNekoUITests.swift */,
				2A4139B82378149100DC0DE0 /* Info.plist */,
			);
			path = SushiNekoUITests;
			sourceTree = "<group>";
		};
		2A4139C6237814EE00DC0DE0 /* SFX */ = {
			isa = PBXGroup;
			children = (
				2A4139C7237814EE00DC0DE0 /* sfx_swipe.caf */,
			);
			path = SFX;
			sourceTree = "<group>";
		};
/* End PBXGroup section */

/* Begin PBXNativeTarget section */
		2A41398C2378148E00DC0DE0 /* SushiNeko */ = {
			isa = PBXNativeTarget;
			buildConfigurationList = 2A4139BB2378149100DC0DE0 /* Build configuration list for PBXNativeTarget "SushiNeko" */;
			buildPhases = (
				2A4139892378148E00DC0DE0 /* Sources */,
				2A41398A2378148E00DC0DE0 /* Frameworks */,
				2A41398B2378148E00DC0DE0 /* Resources */,
			);
			buildRules = (
			);
			dependencies = (
			);
			name = SushiNeko;
			productName = SushiNeko;
			productReference = 2A41398D2378148E00DC0DE0 /* SushiNeko.app */;
			productType = "com.apple.product-type.application";
		};
		2A4139A62378149100DC0DE0 /* SushiNekoTests */ = {
			isa = PBXNativeTarget;
			buildConfigurationList = 2A4139BE2378149100DC0DE0 /* Build configuration list for PBXNativeTarget "SushiNekoTests" */;
			buildPhases = (
				2A4139A32378149100DC0DE0 /* Sources */,
				2A4139A42378149100DC0DE0 /* Frameworks */,
				2A4139A52378149100DC0DE0 /* Resources */,
			);
			buildRules = (
			);
			dependencies = (
				2A4139A92378149100DC0DE0 /* PBXTargetDependency */,
			);
			name = SushiNekoTests;
			productName = SushiNekoTests;
			productReference = 2A4139A72378149100DC0DE0 /* SushiNekoTests.xctest */;
			productType = "com.apple.product-type.bundle.unit-test";
		};
		2A4139B12378149100DC0DE0 /* SushiNekoUITests */ = {
			isa = PBXNativeTarget;
			buildConfigurationList = 2A4139C12378149100DC0DE0 /* Build configuration list for PBXNativeTarget "SushiNekoUITests" */;
			buildPhases = (
				2A4139AE2378149100DC0DE0 /* Sources */,
				2A4139AF2378149100DC0DE0 /* Frameworks */,
				2A4139B02378149100DC0DE0 /* Resources */,
			);
			buildRules = (
			);
			dependencies = (
				2A4139B42378149100DC0DE0 /* PBXTargetDependency */,
			);
			name = SushiNekoUITests;
			productName = SushiNekoUITests;
			productReference = 2A4139B22378149100DC0DE0 /* SushiNekoUITests.xctest */;
			productType = "com.apple.product-type.bundle.ui-testing";
		};
/* End PBXNativeTarget section */

/* Begin PBXProject section */
		2A4139852378148E00DC0DE0 /* Project object */ = {
			isa = PBXProject;
			attributes = {
				LastSwiftUpdateCheck = 1110;
				LastUpgradeCheck = 1110;
				ORGANIZATIONNAME = "George Aoyagi";
				TargetAttributes = {
					2A41398C2378148E00DC0DE0 = {
						CreatedOnToolsVersion = 11.1;
					};
					2A4139A62378149100DC0DE0 = {
						CreatedOnToolsVersion = 11.1;
						TestTargetID = 2A41398C2378148E00DC0DE0;
					};
					2A4139B12378149100DC0DE0 = {
						CreatedOnToolsVersion = 11.1;
						TestTargetID = 2A41398C2378148E00DC0DE0;
					};
				};
			};
			buildConfigurationList = 2A4139882378148E00DC0DE0 /* Build configuration list for PBXProject "SushiNeko" */;
			compatibilityVersion = "Xcode 9.3";
			developmentRegion = en;
			hasScannedForEncodings = 0;
			knownRegions = (
				en,
				Base,
			);
			mainGroup = 2A4139842378148E00DC0DE0;
			productRefGroup = 2A41398E2378148E00DC0DE0 /* Products */;
			projectDirPath = "";
			projectRoot = "";
			targets = (
				2A41398C2378148E00DC0DE0 /* SushiNeko */,
				2A4139A62378149100DC0DE0 /* SushiNekoTests */,
				2A4139B12378149100DC0DE0 /* SushiNekoUITests */,
			);
		};
/* End PBXProject section */

/* Begin PBXResourcesBuildPhase section */
		2A41398B2378148E00DC0DE0 /* Resources */ = {
			isa = PBXResourcesBuildPhase;
			buildActionMask = 2147483647;
			files = (
				2A41399C2378148F00DC0DE0 /* Main.storyboard in Resources */,
				2A4139932378148F00DC0DE0 /* GameScene.sks in Resources */,
				2A4139C5237814BF00DC0DE0 /* assets.atlas in Resources */,
				2A41399E2378149000DC0DE0 /* Assets.xcassets in Resources */,
				2A02B47E237C162B001E83CA /* AnimationActions.sks in Resources */,
				2A4139A12378149000DC0DE0 /* LaunchScreen.storyboard in Resources */,
				2A4139C8237814EF00DC0DE0 /* sfx_swipe.caf in Resources */,
				2A4139952378148F00DC0DE0 /* Actions.sks in Resources */,
			);
			runOnlyForDeploymentPostprocessing = 0;
		};
		2A4139A52378149100DC0DE0 /* Resources */ = {
			isa = PBXResourcesBuildPhase;
			buildActionMask = 2147483647;
			files = (
			);
			runOnlyForDeploymentPostprocessing = 0;
		};
		2A4139B02378149100DC0DE0 /* Resources */ = {
			isa = PBXResourcesBuildPhase;
			buildActionMask = 2147483647;
			files = (
			);
			runOnlyForDeploymentPostprocessing = 0;
		};
/* End PBXResourcesBuildPhase section */

/* Begin PBXSourcesBuildPhase section */
		2A4139892378148E00DC0DE0 /* Sources */ = {
			isa = PBXSourcesBuildPhase;
			buildActionMask = 2147483647;
			files = (
				2A4139972378148F00DC0DE0 /* GameScene.swift in Sources */,
				2A4139992378148F00DC0DE0 /* GameViewController.swift in Sources */,
				2A4139912378148E00DC0DE0 /* AppDelegate.swift in Sources */,
				2A33F6B72379DBFB001AB9E0 /* Character.swift in Sources */,
				2A33F69C23795C81001AB9E0 /* SushiPiece.swift in Sources */,
				2A4139CA2378194200DC0DE0 /* MSNodeButton.swift in Sources */,
			);
			runOnlyForDeploymentPostprocessing = 0;
		};
		2A4139A32378149100DC0DE0 /* Sources */ = {
			isa = PBXSourcesBuildPhase;
			buildActionMask = 2147483647;
			files = (
				2A4139AC2378149100DC0DE0 /* SushiNekoTests.swift in Sources */,
			);
			runOnlyForDeploymentPostprocessing = 0;
		};
		2A4139AE2378149100DC0DE0 /* Sources */ = {
			isa = PBXSourcesBuildPhase;
			buildActionMask = 2147483647;
			files = (
				2A4139B72378149100DC0DE0 /* SushiNekoUITests.swift in Sources */,
			);
			runOnlyForDeploymentPostprocessing = 0;
		};
/* End PBXSourcesBuildPhase section */

/* Begin PBXTargetDependency section */
		2A4139A92378149100DC0DE0 /* PBXTargetDependency */ = {
			isa = PBXTargetDependency;
			target = 2A41398C2378148E00DC0DE0 /* SushiNeko */;
			targetProxy = 2A4139A82378149100DC0DE0 /* PBXContainerItemProxy */;
		};
		2A4139B42378149100DC0DE0 /* PBXTargetDependency */ = {
			isa = PBXTargetDependency;
			target = 2A41398C2378148E00DC0DE0 /* SushiNeko */;
			targetProxy = 2A4139B32378149100DC0DE0 /* PBXContainerItemProxy */;
		};
/* End PBXTargetDependency section */

/* Begin PBXVariantGroup section */
		2A41399A2378148F00DC0DE0 /* Main.storyboard */ = {
			isa = PBXVariantGroup;
			children = (
				2A41399B2378148F00DC0DE0 /* Base */,
			);
			name = Main.storyboard;
			sourceTree = "<group>";
		};
		2A41399F2378149000DC0DE0 /* LaunchScreen.storyboard */ = {
			isa = PBXVariantGroup;
			children = (
				2A4139A02378149000DC0DE0 /* Base */,
			);
			name = LaunchScreen.storyboard;
			sourceTree = "<group>";
		};
/* End PBXVariantGroup section */

/* Begin XCBuildConfiguration section */
		2A4139B92378149100DC0DE0 /* Debug */ = {
			isa = XCBuildConfiguration;
			buildSettings = {
				ALWAYS_SEARCH_USER_PATHS = NO;
				CLANG_ANALYZER_NONNULL = YES;
				CLANG_ANALYZER_NUMBER_OBJECT_CONVERSION = YES_AGGRESSIVE;
				CLANG_CXX_LANGUAGE_STANDARD = "gnu++14";
				CLANG_CXX_LIBRARY = "libc++";
				CLANG_ENABLE_MODULES = YES;
				CLANG_ENABLE_OBJC_ARC = YES;
				CLANG_ENABLE_OBJC_WEAK = YES;
				CLANG_WARN_BLOCK_CAPTURE_AUTORELEASING = YES;
				CLANG_WARN_BOOL_CONVERSION = YES;
				CLANG_WARN_COMMA = YES;
				CLANG_WARN_CONSTANT_CONVERSION = YES;
				CLANG_WARN_DEPRECATED_OBJC_IMPLEMENTATIONS = YES;
				CLANG_WARN_DIRECT_OBJC_ISA_USAGE = YES_ERROR;
				CLANG_WARN_DOCUMENTATION_COMMENTS = YES;
				CLANG_WARN_EMPTY_BODY = YES;
				CLANG_WARN_ENUM_CONVERSION = YES;
				CLANG_WARN_INFINITE_RECURSION = YES;
				CLANG_WARN_INT_CONVERSION = YES;
				CLANG_WARN_NON_LITERAL_NULL_CONVERSION = YES;
				CLANG_WARN_OBJC_IMPLICIT_RETAIN_SELF = YES;
				CLANG_WARN_OBJC_LITERAL_CONVERSION = YES;
				CLANG_WARN_OBJC_ROOT_CLASS = YES_ERROR;
				CLANG_WARN_RANGE_LOOP_ANALYSIS = YES;
				CLANG_WARN_STRICT_PROTOTYPES = YES;
				CLANG_WARN_SUSPICIOUS_MOVE = YES;
				CLANG_WARN_UNGUARDED_AVAILABILITY = YES_AGGRESSIVE;
				CLANG_WARN_UNREACHABLE_CODE = YES;
				CLANG_WARN__DUPLICATE_METHOD_MATCH = YES;
				COPY_PHASE_STRIP = NO;
				DEBUG_INFORMATION_FORMAT = dwarf;
				ENABLE_STRICT_OBJC_MSGSEND = YES;
				ENABLE_TESTABILITY = YES;
				GCC_C_LANGUAGE_STANDARD = gnu11;
				GCC_DYNAMIC_NO_PIC = NO;
				GCC_NO_COMMON_BLOCKS = YES;
				GCC_OPTIMIZATION_LEVEL = 0;
				GCC_PREPROCESSOR_DEFINITIONS = (
					"DEBUG=1",
					"$(inherited)",
				);
				GCC_WARN_64_TO_32_BIT_CONVERSION = YES;
				GCC_WARN_ABOUT_RETURN_TYPE = YES_ERROR;
				GCC_WARN_UNDECLARED_SELECTOR = YES;
				GCC_WARN_UNINITIALIZED_AUTOS = YES_AGGRESSIVE;
				GCC_WARN_UNUSED_FUNCTION = YES;
				GCC_WARN_UNUSED_VARIABLE = YES;
				IPHONEOS_DEPLOYMENT_TARGET = 13.1;
				MTL_ENABLE_DEBUG_INFO = INCLUDE_SOURCE;
				MTL_FAST_MATH = YES;
				ONLY_ACTIVE_ARCH = YES;
				SDKROOT = iphoneos;
				SWIFT_ACTIVE_COMPILATION_CONDITIONS = DEBUG;
				SWIFT_OPTIMIZATION_LEVEL = "-Onone";
			};
			name = Debug;
		};
		2A4139BA2378149100DC0DE0 /* Release */ = {
			isa = XCBuildConfiguration;
			buildSettings = {
				ALWAYS_SEARCH_USER_PATHS = NO;
				CLANG_ANALYZER_NONNULL = YES;
				CLANG_ANALYZER_NUMBER_OBJECT_CONVERSION = YES_AGGRESSIVE;
				CLANG_CXX_LANGUAGE_STANDARD = "gnu++14";
				CLANG_CXX_LIBRARY = "libc++";
				CLANG_ENABLE_MODULES = YES;
				CLANG_ENABLE_OBJC_ARC = YES;
				CLANG_ENABLE_OBJC_WEAK = YES;
				CLANG_WARN_BLOCK_CAPTURE_AUTORELEASING = YES;
				CLANG_WARN_BOOL_CONVERSION = YES;
				CLANG_WARN_COMMA = YES;
				CLANG_WARN_CONSTANT_CONVERSION = YES;
				CLANG_WARN_DEPRECATED_OBJC_IMPLEMENTATIONS = YES;
				CLANG_WARN_DIRECT_OBJC_ISA_USAGE = YES_ERROR;
				CLANG_WARN_DOCUMENTATION_COMMENTS = YES;
				CLANG_WARN_EMPTY_BODY = YES;
				CLANG_WARN_ENUM_CONVERSION = YES;
				CLANG_WARN_INFINITE_RECURSION = YES;
				CLANG_WARN_INT_CONVERSION = YES;
				CLANG_WARN_NON_LITERAL_NULL_CONVERSION = YES;
				CLANG_WARN_OBJC_IMPLICIT_RETAIN_SELF = YES;
				CLANG_WARN_OBJC_LITERAL_CONVERSION = YES;
				CLANG_WARN_OBJC_ROOT_CLASS = YES_ERROR;
				CLANG_WARN_RANGE_LOOP_ANALYSIS = YES;
				CLANG_WARN_STRICT_PROTOTYPES = YES;
				CLANG_WARN_SUSPICIOUS_MOVE = YES;
				CLANG_WARN_UNGUARDED_AVAILABILITY = YES_AGGRESSIVE;
				CLANG_WARN_UNREACHABLE_CODE = YES;
				CLANG_WARN__DUPLICATE_METHOD_MATCH = YES;
				COPY_PHASE_STRIP = NO;
				DEBUG_INFORMATION_FORMAT = "dwarf-with-dsym";
				ENABLE_NS_ASSERTIONS = NO;
				ENABLE_STRICT_OBJC_MSGSEND = YES;
				GCC_C_LANGUAGE_STANDARD = gnu11;
				GCC_NO_COMMON_BLOCKS = YES;
				GCC_WARN_64_TO_32_BIT_CONVERSION = YES;
				GCC_WARN_ABOUT_RETURN_TYPE = YES_ERROR;
				GCC_WARN_UNDECLARED_SELECTOR = YES;
				GCC_WARN_UNINITIALIZED_AUTOS = YES_AGGRESSIVE;
				GCC_WARN_UNUSED_FUNCTION = YES;
				GCC_WARN_UNUSED_VARIABLE = YES;
				IPHONEOS_DEPLOYMENT_TARGET = 13.1;
				MTL_ENABLE_DEBUG_INFO = NO;
				MTL_FAST_MATH = YES;
				SDKROOT = iphoneos;
				SWIFT_COMPILATION_MODE = wholemodule;
				SWIFT_OPTIMIZATION_LEVEL = "-O";
				VALIDATE_PRODUCT = YES;
			};
			name = Release;
		};
		2A4139BC2378149100DC0DE0 /* Debug */ = {
			isa = XCBuildConfiguration;
			buildSettings = {
				ASSETCATALOG_COMPILER_APPICON_NAME = AppIcon;
				CODE_SIGN_STYLE = Automatic;
				INFOPLIST_FILE = SushiNeko/Info.plist;
				LD_RUNPATH_SEARCH_PATHS = (
					"$(inherited)",
					"@executable_path/Frameworks",
				);
				PRODUCT_BUNDLE_IDENTIFIER = Mob1.1.SushiNeko;
				PRODUCT_NAME = "$(TARGET_NAME)";
				SWIFT_VERSION = 5.0;
				TARGETED_DEVICE_FAMILY = "1,2";
			};
			name = Debug;
		};
		2A4139BD2378149100DC0DE0 /* Release */ = {
			isa = XCBuildConfiguration;
			buildSettings = {
				ASSETCATALOG_COMPILER_APPICON_NAME = AppIcon;
				CODE_SIGN_STYLE = Automatic;
				INFOPLIST_FILE = SushiNeko/Info.plist;
				LD_RUNPATH_SEARCH_PATHS = (
					"$(inherited)",
					"@executable_path/Frameworks",
				);
				PRODUCT_BUNDLE_IDENTIFIER = Mob1.1.SushiNeko;
				PRODUCT_NAME = "$(TARGET_NAME)";
				SWIFT_VERSION = 5.0;
				TARGETED_DEVICE_FAMILY = "1,2";
			};
			name = Release;
		};
		2A4139BF2378149100DC0DE0 /* Debug */ = {
			isa = XCBuildConfiguration;
			buildSettings = {
				ALWAYS_EMBED_SWIFT_STANDARD_LIBRARIES = YES;
				BUNDLE_LOADER = "$(TEST_HOST)";
				CODE_SIGN_STYLE = Automatic;
				INFOPLIST_FILE = SushiNekoTests/Info.plist;
				IPHONEOS_DEPLOYMENT_TARGET = 13.1;
				LD_RUNPATH_SEARCH_PATHS = (
					"$(inherited)",
					"@executable_path/Frameworks",
					"@loader_path/Frameworks",
				);
				PRODUCT_BUNDLE_IDENTIFIER = Mob1.1.SushiNekoTests;
				PRODUCT_NAME = "$(TARGET_NAME)";
				SWIFT_VERSION = 5.0;
				TARGETED_DEVICE_FAMILY = "1,2";
				TEST_HOST = "$(BUILT_PRODUCTS_DIR)/SushiNeko.app/SushiNeko";
			};
			name = Debug;
		};
		2A4139C02378149100DC0DE0 /* Release */ = {
			isa = XCBuildConfiguration;
			buildSettings = {
				ALWAYS_EMBED_SWIFT_STANDARD_LIBRARIES = YES;
				BUNDLE_LOADER = "$(TEST_HOST)";
				CODE_SIGN_STYLE = Automatic;
				INFOPLIST_FILE = SushiNekoTests/Info.plist;
				IPHONEOS_DEPLOYMENT_TARGET = 13.1;
				LD_RUNPATH_SEARCH_PATHS = (
					"$(inherited)",
					"@executable_path/Frameworks",
					"@loader_path/Frameworks",
				);
				PRODUCT_BUNDLE_IDENTIFIER = Mob1.1.SushiNekoTests;
				PRODUCT_NAME = "$(TARGET_NAME)";
				SWIFT_VERSION = 5.0;
				TARGETED_DEVICE_FAMILY = "1,2";
				TEST_HOST = "$(BUILT_PRODUCTS_DIR)/SushiNeko.app/SushiNeko";
			};
			name = Release;
		};
		2A4139C22378149100DC0DE0 /* Debug */ = {
			isa = XCBuildConfiguration;
			buildSettings = {
				ALWAYS_EMBED_SWIFT_STANDARD_LIBRARIES = YES;
				CODE_SIGN_STYLE = Automatic;
				INFOPLIST_FILE = SushiNekoUITests/Info.plist;
				LD_RUNPATH_SEARCH_PATHS = (
					"$(inherited)",
					"@executable_path/Frameworks",
					"@loader_path/Frameworks",
				);
				PRODUCT_BUNDLE_IDENTIFIER = Mob1.1.SushiNekoUITests;
				PRODUCT_NAME = "$(TARGET_NAME)";
				SWIFT_VERSION = 5.0;
				TARGETED_DEVICE_FAMILY = "1,2";
				TEST_TARGET_NAME = SushiNeko;
			};
			name = Debug;
		};
		2A4139C32378149100DC0DE0 /* Release */ = {
			isa = XCBuildConfiguration;
			buildSettings = {
				ALWAYS_EMBED_SWIFT_STANDARD_LIBRARIES = YES;
				CODE_SIGN_STYLE = Automatic;
				INFOPLIST_FILE = SushiNekoUITests/Info.plist;
				LD_RUNPATH_SEARCH_PATHS = (
					"$(inherited)",
					"@executable_path/Frameworks",
					"@loader_path/Frameworks",
				);
				PRODUCT_BUNDLE_IDENTIFIER = Mob1.1.SushiNekoUITests;
				PRODUCT_NAME = "$(TARGET_NAME)";
				SWIFT_VERSION = 5.0;
				TARGETED_DEVICE_FAMILY = "1,2";
				TEST_TARGET_NAME = SushiNeko;
			};
			name = Release;
		};
/* End XCBuildConfiguration section */

/* Begin XCConfigurationList section */
		2A4139882378148E00DC0DE0 /* Build configuration list for PBXProject "SushiNeko" */ = {
			isa = XCConfigurationList;
			buildConfigurations = (
				2A4139B92378149100DC0DE0 /* Debug */,
				2A4139BA2378149100DC0DE0 /* Release */,
			);
			defaultConfigurationIsVisible = 0;
			defaultConfigurationName = Release;
		};
		2A4139BB2378149100DC0DE0 /* Build configuration list for PBXNativeTarget "SushiNeko" */ = {
			isa = XCConfigurationList;
			buildConfigurations = (
				2A4139BC2378149100DC0DE0 /* Debug */,
				2A4139BD2378149100DC0DE0 /* Release */,
			);
			defaultConfigurationIsVisible = 0;
			defaultConfigurationName = Release;
		};
		2A4139BE2378149100DC0DE0 /* Build configuration list for PBXNativeTarget "SushiNekoTests" */ = {
			isa = XCConfigurationList;
			buildConfigurations = (
				2A4139BF2378149100DC0DE0 /* Debug */,
				2A4139C02378149100DC0DE0 /* Release */,
			);
			defaultConfigurationIsVisible = 0;
			defaultConfigurationName = Release;
		};
		2A4139C12378149100DC0DE0 /* Build configuration list for PBXNativeTarget "SushiNekoUITests" */ = {
			isa = XCConfigurationList;
			buildConfigurations = (
				2A4139C22378149100DC0DE0 /* Debug */,
				2A4139C32378149100DC0DE0 /* Release */,
			);
			defaultConfigurationIsVisible = 0;
			defaultConfigurationName = Release;
		};
/* End XCConfigurationList section */
	};
	rootObject = 2A4139852378148E00DC0DE0 /* Project object */;
}
